
Microsoft Visual Studio Solution File, Format Version 12.00
# Visual Studio Version 16
VisualStudioVersion = 16.0.31229.75
MinimumVisualStudioVersion = 10.0.40219.1
Project("{FAE04EC0-301F-11D3-BF4B-00C04F79EFBC}") = "Прогрессия", "Прогрессия\Прогрессия.csproj", "{5D1967FF-565B-46D8-9748-3170F6405690}"
EndProject
Global
	GlobalSection(SolutionConfigurationPlatforms) = preSolution
		Debug|Any CPU = Debug|Any CPU
		Release|Any CPU = Release|Any CPU
	EndGlobalSection
	GlobalSection(ProjectConfigurationPlatforms) = postSolution
		{5D1967FF-565B-46D8-9748-3170F6405690}.Debug|Any CPU.ActiveCfg = Debug|Any CPU
		{5D1967FF-565B-46D8-9748-3170F6405690}.Debug|Any CPU.Build.0 = Debug|Any CPU
		{5D1967FF-565B-46D8-9748-3170F6405690}.Release|Any CPU.ActiveCfg = Release|Any CPU
		{5D1967FF-565B-46D8-9748-3170F6405690}.Release|Any CPU.Build.0 = Release|Any CPU
	EndGlobalSection
	GlobalSection(SolutionProperties) = preSolution
		HideSolutionNode = FALSE
	EndGlobalSection
	GlobalSection(ExtensibilityGlobals) = postSolution
		SolutionGuid = {AF70B002-F7BB-41DA-B670-EA9A9B673AB6}
	EndGlobalSection
EndGlobal
